// !$*UTF8*$!
{
	archiveVersion = 1;
	classes = {
	};
	objectVersion = 46;
	objects = {

/* Begin PBXBuildFile section */
		CE75C9DE19DB403C00B7BC08 /* main.m in Sources */ = {isa = PBXBuildFile; fileRef = CE75C9DD19DB403C00B7BC08 /* main.m */; };
		CE75C9E119DB403C00B7BC08 /* AppDelegate.m in Sources */ = {isa = PBXBuildFile; fileRef = CE75C9E019DB403C00B7BC08 /* AppDelegate.m */; };
		CE75C9E419DB403C00B7BC08 /* ViewController.m in Sources */ = {isa = PBXBuildFile; fileRef = CE75C9E319DB403C00B7BC08 /* ViewController.m */; };
		CE75C9E719DB403C00B7BC08 /* Main.storyboard in Resources */ = {isa = PBXBuildFile; fileRef = CE75C9E519DB403C00B7BC08 /* Main.storyboard */; };
		CE75C9E919DB403C00B7BC08 /* Images.xcassets in Resources */ = {isa = PBXBuildFile; fileRef = CE75C9E819DB403C00B7BC08 /* Images.xcassets */; };
		CE75C9EC19DB403C00B7BC08 /* LaunchScreen.xib in Resources */ = {isa = PBXBuildFile; fileRef = CE75C9EA19DB403C00B7BC08 /* LaunchScreen.xib */; };
		CE75C9F819DB403C00B7BC08 /* WordPlayTests.m in Sources */ = {isa = PBXBuildFile; fileRef = CE75C9F719DB403C00B7BC08 /* WordPlayTests.m */; };
		CE75CA0319DB462500B7BC08 /* EnterNameViewController.m in Sources */ = {isa = PBXBuildFile; fileRef = CE75CA0219DB462500B7BC08 /* EnterNameViewController.m */; };
		CE75CA0619DB4B1A00B7BC08 /* EnterAdjectiveViewController.m in Sources */ = {isa = PBXBuildFile; fileRef = CE75CA0519DB4B1A00B7BC08 /* EnterAdjectiveViewController.m */; };
		CE75CA0919DB4C2100B7BC08 /* ResultsViewController.m in Sources */ = {isa = PBXBuildFile; fileRef = CE75CA0819DB4C2100B7BC08 /* ResultsViewController.m */; };
/* End PBXBuildFile section */

/* Begin PBXContainerItemProxy section */
		CE75C9F219DB403C00B7BC08 /* PBXContainerItemProxy */ = {
			isa = PBXContainerItemProxy;
			containerPortal = CE75C9D019DB403C00B7BC08 /* Project object */;
			proxyType = 1;
			remoteGlobalIDString = CE75C9D719DB403C00B7BC08;
			remoteInfo = WordPlay;
		};
/* End PBXContainerItemProxy section */

/* Begin PBXFileReference section */
		CE75C9D819DB403C00B7BC08 /* WordPlay.app */ = {isa = PBXFileReference; explicitFileType = wrapper.application; includeInIndex = 0; path = WordPlay.app; sourceTree = BUILT_PRODUCTS_DIR; };
		CE75C9DC19DB403C00B7BC08 /* Info.plist */ = {isa = PBXFileReference; lastKnownFileType = text.plist.xml; path = Info.plist; sourceTree = "<group>"; };
		CE75C9DD19DB403C00B7BC08 /* main.m */ = {isa = PBXFileReference; lastKnownFileType = sourcecode.c.objc; path = main.m; sourceTree = "<group>"; };
		CE75C9DF19DB403C00B7BC08 /* AppDelegate.h */ = {isa = PBXFileReference; lastKnownFileType = sourcecode.c.h; path = AppDelegate.h; sourceTree = "<group>"; };
		CE75C9E019DB403C00B7BC08 /* AppDelegate.m */ = {isa = PBXFileReference; lastKnownFileType = sourcecode.c.objc; path = AppDelegate.m; sourceTree = "<group>"; };
		CE75C9E219DB403C00B7BC08 /* ViewController.h */ = {isa = PBXFileReference; lastKnownFileType = sourcecode.c.h; path = ViewController.h; sourceTree = "<group>"; };
		CE75C9E319DB403C00B7BC08 /* ViewController.m */ = {isa = PBXFileReference; lastKnownFileType = sourcecode.c.objc; path = ViewController.m; sourceTree = "<group>"; };
		CE75C9E619DB403C00B7BC08 /* Base */ = {isa = PBXFileReference; lastKnownFileType = file.storyboard; name = Base; path = Base.lproj/Main.storyboard; sourceTree = "<group>"; };
		CE75C9E819DB403C00B7BC08 /* Images.xcassets */ = {isa = PBXFileReference; lastKnownFileType = folder.assetcatalog; path = Images.xcassets; sourceTree = "<group>"; };
		CE75C9EB19DB403C00B7BC08 /* Base */ = {isa = PBXFileReference; lastKnownFileType = file.xib; name = Base; path = Base.lproj/LaunchScreen.xib; sourceTree = "<group>"; };
		CE75C9F119DB403C00B7BC08 /* WordPlayTests.xctest */ = {isa = PBXFileReference; explicitFileType = wrapper.cfbundle; includeInIndex = 0; path = WordPlayTests.xctest; sourceTree = BUILT_PRODUCTS_DIR; };
		CE75C9F619DB403C00B7BC08 /* Info.plist */ = {isa = PBXFileReference; lastKnownFileType = text.plist.xml; path = Info.plist; sourceTree = "<group>"; };
		CE75C9F719DB403C00B7BC08 /* WordPlayTests.m */ = {isa = PBXFileReference; lastKnownFileType = sourcecode.c.objc; path = WordPlayTests.m; sourceTree = "<group>"; };
		CE75CA0119DB462500B7BC08 /* EnterNameViewController.h */ = {isa = PBXFileReference; fileEncoding = 4; lastKnownFileType = sourcecode.c.h; path = EnterNameViewController.h; sourceTree = "<group>"; };
		CE75CA0219DB462500B7BC08 /* EnterNameViewController.m */ = {isa = PBXFileReference; fileEncoding = 4; lastKnownFileType = sourcecode.c.objc; path = EnterNameViewController.m; sourceTree = "<group>"; };
		CE75CA0419DB4B1A00B7BC08 /* EnterAdjectiveViewController.h */ = {isa = PBXFileReference; fileEncoding = 4; lastKnownFileType = sourcecode.c.h; path = EnterAdjectiveViewController.h; sourceTree = "<group>"; };
		CE75CA0519DB4B1A00B7BC08 /* EnterAdjectiveViewController.m */ = {isa = PBXFileReference; fileEncoding = 4; lastKnownFileType = sourcecode.c.objc; path = EnterAdjectiveViewController.m; sourceTree = "<group>"; };
		CE75CA0719DB4C2100B7BC08 /* ResultsViewController.h */ = {isa = PBXFileReference; fileEncoding = 4; lastKnownFileType = sourcecode.c.h; path = ResultsViewController.h; sourceTree = "<group>"; };
		CE75CA0819DB4C2100B7BC08 /* ResultsViewController.m */ = {isa = PBXFileReference; fileEncoding = 4; lastKnownFileType = sourcecode.c.objc; path = ResultsViewController.m; sourceTree = "<group>"; };
/* End PBXFileReference section */

/* Begin PBXFrameworksBuildPhase section */
		CE75C9D519DB403C00B7BC08 /* Frameworks */ = {
			isa = PBXFrameworksBuildPhase;
			buildActionMask = 2147483647;
			files = (
			);
			runOnlyForDeploymentPostprocessing = 0;
		};
		CE75C9EE19DB403C00B7BC08 /* Frameworks */ = {
			isa = PBXFrameworksBuildPhase;
			buildActionMask = 2147483647;
			files = (
			);
			runOnlyForDeploymentPostprocessing = 0;
		};
/* End PBXFrameworksBuildPhase section */

/* Begin PBXGroup section */
		CE75C9CF19DB403C00B7BC08 = {
			isa = PBXGroup;
			children = (
				CE75C9DA19DB403C00B7BC08 /* WordPlay */,
				CE75C9F419DB403C00B7BC08 /* WordPlayTests */,
				CE75C9D919DB403C00B7BC08 /* Products */,
			);
			sourceTree = "<group>";
		};
		CE75C9D919DB403C00B7BC08 /* Products */ = {
			isa = PBXGroup;
			children = (
				CE75C9D819DB403C00B7BC08 /* WordPlay.app */,
				CE75C9F119DB403C00B7BC08 /* WordPlayTests.xctest */,
			);
			name = Products;
			sourceTree = "<group>";
		};
		CE75C9DA19DB403C00B7BC08 /* WordPlay */ = {
			isa = PBXGroup;
			children = (
				CE75C9DF19DB403C00B7BC08 /* AppDelegate.h */,
				CE75C9E019DB403C00B7BC08 /* AppDelegate.m */,
				CE75C9E219DB403C00B7BC08 /* ViewController.h */,
				CE75C9E319DB403C00B7BC08 /* ViewController.m */,
				CE75C9E519DB403C00B7BC08 /* Main.storyboard */,
				CE75CA0719DB4C2100B7BC08 /* ResultsViewController.h */,
				CE75CA0819DB4C2100B7BC08 /* ResultsViewController.m */,
				CE75CA0419DB4B1A00B7BC08 /* EnterAdjectiveViewController.h */,
				CE75CA0519DB4B1A00B7BC08 /* EnterAdjectiveViewController.m */,
				CE75CA0119DB462500B7BC08 /* EnterNameViewController.h */,
				CE75CA0219DB462500B7BC08 /* EnterNameViewController.m */,
				CE75C9E819DB403C00B7BC08 /* Images.xcassets */,
				CE75C9EA19DB403C00B7BC08 /* LaunchScreen.xib */,
				CE75C9DB19DB403C00B7BC08 /* Supporting Files */,
			);
			path = WordPlay;
			sourceTree = "<group>";
		};
		CE75C9DB19DB403C00B7BC08 /* Supporting Files */ = {
			isa = PBXGroup;
			children = (
				CE75C9DC19DB403C00B7BC08 /* Info.plist */,
				CE75C9DD19DB403C00B7BC08 /* main.m */,
			);
			name = "Supporting Files";
			sourceTree = "<group>";
		};
		CE75C9F419DB403C00B7BC08 /* WordPlayTests */ = {
			isa = PBXGroup;
			children = (
				CE75C9F719DB403C00B7BC08 /* WordPlayTests.m */,
				CE75C9F519DB403C00B7BC08 /* Supporting Files */,
			);
			path = WordPlayTests;
			sourceTree = "<group>";
		};
		CE75C9F519DB403C00B7BC08 /* Supporting Files */ = {
			isa = PBXGroup;
			children = (
				CE75C9F619DB403C00B7BC08 /* Info.plist */,
			);
			name = "Supporting Files";
			sourceTree = "<group>";
		};
/* End PBXGroup section */

/* Begin PBXNativeTarget section */
		CE75C9D719DB403C00B7BC08 /* WordPlay */ = {
			isa = PBXNativeTarget;
			buildConfigurationList = CE75C9FB19DB403C00B7BC08 /* Build configuration list for PBXNativeTarget "WordPlay" */;
			buildPhases = (
				CE75C9D419DB403C00B7BC08 /* Sources */,
				CE75C9D519DB403C00B7BC08 /* Frameworks */,
				CE75C9D619DB403C00B7BC08 /* Resources */,
			);
			buildRules = (
			);
			dependencies = (
			);
			name = WordPlay;
			productName = WordPlay;
			productReference = CE75C9D819DB403C00B7BC08 /* WordPlay.app */;
			productType = "com.apple.product-type.application";
		};
		CE75C9F019DB403C00B7BC08 /* WordPlayTests */ = {
			isa = PBXNativeTarget;
			buildConfigurationList = CE75C9FE19DB403C00B7BC08 /* Build configuration list for PBXNativeTarget "WordPlayTests" */;
			buildPhases = (
				CE75C9ED19DB403C00B7BC08 /* Sources */,
				CE75C9EE19DB403C00B7BC08 /* Frameworks */,
				CE75C9EF19DB403C00B7BC08 /* Resources */,
			);
			buildRules = (
			);
			dependencies = (
				CE75C9F319DB403C00B7BC08 /* PBXTargetDependency */,
			);
			name = WordPlayTests;
			productName = WordPlayTests;
			productReference = CE75C9F119DB403C00B7BC08 /* WordPlayTests.xctest */;
			productType = "com.apple.product-type.bundle.unit-test";
		};
/* End PBXNativeTarget section */

/* Begin PBXProject section */
		CE75C9D019DB403C00B7BC08 /* Project object */ = {
			isa = PBXProject;
			attributes = {
				LastUpgradeCheck = 0600;
				ORGANIZATIONNAME = "Mobile Makers";
				TargetAttributes = {
					CE75C9D719DB403C00B7BC08 = {
						CreatedOnToolsVersion = 6.0;
					};
					CE75C9F019DB403C00B7BC08 = {
						CreatedOnToolsVersion = 6.0;
						TestTargetID = CE75C9D719DB403C00B7BC08;
					};
				};
			};
			buildConfigurationList = CE75C9D319DB403C00B7BC08 /* Build configuration list for PBXProject "WordPlay" */;
			compatibilityVersion = "Xcode 3.2";
			developmentRegion = English;
			hasScannedForEncodings = 0;
			knownRegions = (
				en,
				Base,
			);
			mainGroup = CE75C9CF19DB403C00B7BC08;
			productRefGroup = CE75C9D919DB403C00B7BC08 /* Products */;
			projectDirPath = "";
			projectRoot = "";
			targets = (
				CE75C9D719DB403C00B7BC08 /* WordPlay */,
				CE75C9F019DB403C00B7BC08 /* WordPlayTests */,
			);
		};
/* End PBXProject section */

/* Begin PBXResourcesBuildPhase section */
		CE75C9D619DB403C00B7BC08 /* Resources */ = {
			isa = PBXResourcesBuildPhase;
			buildActionMask = 2147483647;
			files = (
				CE75C9E719DB403C00B7BC08 /* Main.storyboard in Resources */,
				CE75C9EC19DB403C00B7BC08 /* LaunchScreen.xib in Resources */,
				CE75C9E919DB403C00B7BC08 /* Images.xcassets in Resources */,
			);
			runOnlyForDeploymentPostprocessing = 0;
		};
		CE75C9EF19DB403C00B7BC08 /* Resources */ = {
			isa = PBXResourcesBuildPhase;
			buildActionMask = 2147483647;
			files = (
			);
			runOnlyForDeploymentPostprocessing = 0;
		};
/* End PBXResourcesBuildPhase section */

/* Begin PBXSourcesBuildPhase section */
		CE75C9D419DB403C00B7BC08 /* Sources */ = {
			isa = PBXSourcesBuildPhase;
			buildActionMask = 2147483647;
			files = (
				CE75C9E419DB403C00B7BC08 /* ViewController.m in Sources */,
				CE75C9E119DB403C00B7BC08 /* AppDelegate.m in Sources */,
				CE75CA0619DB4B1A00B7BC08 /* EnterAdjectiveViewController.m in Sources */,
				CE75CA0919DB4C2100B7BC08 /* ResultsViewController.m in Sources */,
				CE75CA0319DB462500B7BC08 /* EnterNameViewController.m in Sources */,
				CE75C9DE19DB403C00B7BC08 /* main.m in Sources */,
			);
			runOnlyForDeploymentPostprocessing = 0;
		};
		CE75C9ED19DB403C00B7BC08 /* Sources */ = {
			isa = PBXSourcesBuildPhase;
			buildActionMask = 2147483647;
			files = (
				CE75C9F819DB403C00B7BC08 /* WordPlayTests.m in Sources */,
			);
			runOnlyForDeploymentPostprocessing = 0;
		};
/* End PBXSourcesBuildPhase section */

/* Begin PBXTargetDependency section */
		CE75C9F319DB403C00B7BC08 /* PBXTargetDependency */ = {
			isa = PBXTargetDependency;
			target = CE75C9D719DB403C00B7BC08 /* WordPlay */;
			targetProxy = CE75C9F219DB403C00B7BC08 /* PBXContainerItemProxy */;
		};
/* End PBXTargetDependency section */

/* Begin PBXVariantGroup section */
		CE75C9E519DB403C00B7BC08 /* Main.storyboard */ = {
			isa = PBXVariantGroup;
			children = (
				CE75C9E619DB403C00B7BC08 /* Base */,
			);
			name = Main.storyboard;
			sourceTree = "<group>";
		};
		CE75C9EA19DB403C00B7BC08 /* LaunchScreen.xib */ = {
			isa = PBXVariantGroup;
			children = (
				CE75C9EB19DB403C00B7BC08 /* Base */,
			);
			name = LaunchScreen.xib;
			sourceTree = "<group>";
		};
/* End PBXVariantGroup section */

/* Begin XCBuildConfiguration section */
		CE75C9F919DB403C00B7BC08 /* Debug */ = {
			isa = XCBuildConfiguration;
			buildSettings = {
				ALWAYS_SEARCH_USER_PATHS = NO;
				CLANG_CXX_LANGUAGE_STANDARD = "gnu++0x";
				CLANG_CXX_LIBRARY = "libc++";
				CLANG_ENABLE_MODULES = YES;
				CLANG_ENABLE_OBJC_ARC = YES;
				CLANG_WARN_BOOL_CONVERSION = YES;
				CLANG_WARN_CONSTANT_CONVERSION = YES;
				CLANG_WARN_DIRECT_OBJC_ISA_USAGE = YES_ERROR;
				CLANG_WARN_EMPTY_BODY = YES;
				CLANG_WARN_ENUM_CONVERSION = YES;
				CLANG_WARN_INT_CONVERSION = YES;
				CLANG_WARN_OBJC_ROOT_CLASS = YES_ERROR;
				CLANG_WARN_UNREACHABLE_CODE = YES;
				CLANG_WARN__DUPLICATE_METHOD_MATCH = YES;
				"CODE_SIGN_IDENTITY[sdk=iphoneos*]" = "iPhone Developer";
				COPY_PHASE_STRIP = NO;
				ENABLE_STRICT_OBJC_MSGSEND = YES;
				GCC_C_LANGUAGE_STANDARD = gnu99;
				GCC_DYNAMIC_NO_PIC = NO;
				GCC_OPTIMIZATION_LEVEL = 0;
				GCC_PREPROCESSOR_DEFINITIONS = (
					"DEBUG=1",
					"$(inherited)",
				);
				GCC_SYMBOLS_PRIVATE_EXTERN = NO;
				GCC_WARN_64_TO_32_BIT_CONVERSION = YES;
				GCC_WARN_ABOUT_RETURN_TYPE = YES_ERROR;
				GCC_WARN_UNDECLARED_SELECTOR = YES;
				GCC_WARN_UNINITIALIZED_AUTOS = YES_AGGRESSIVE;
				GCC_WARN_UNUSED_FUNCTION = YES;
				GCC_WARN_UNUSED_VARIABLE = YES;
				IPHONEOS_DEPLOYMENT_TARGET = 8.0;
				MTL_ENABLE_DEBUG_INFO = YES;
				ONLY_ACTIVE_ARCH = YES;
				SDKROOT = iphoneos;
			};
			name = Debug;
		};
		CE75C9FA19DB403C00B7BC08 /* Release */ = {
			isa = XCBuildConfiguration;
			buildSettings = {
				ALWAYS_SEARCH_USER_PATHS = NO;
				CLANG_CXX_LANGUAGE_STANDARD = "gnu++0x";
				CLANG_CXX_LIBRARY = "libc++";
				CLANG_ENABLE_MODULES = YES;
				CLANG_ENABLE_OBJC_ARC = YES;
				CLANG_WARN_BOOL_CONVERSION = YES;
				CLANG_WARN_CONSTANT_CONVERSION = YES;
				CLANG_WARN_DIRECT_OBJC_ISA_USAGE = YES_ERROR;
				CLANG_WARN_EMPTY_BODY = YES;
				CLANG_WARN_ENUM_CONVERSION = YES;
				CLANG_WARN_INT_CONVERSION = YES;
				CLANG_WARN_OBJC_ROOT_CLASS = YES_ERROR;
				CLANG_WARN_UNREACHABLE_CODE = YES;
				CLANG_WARN__DUPLICATE_METHOD_MATCH = YES;
				"CODE_SIGN_IDENTITY[sdk=iphoneos*]" = "iPhone Developer";
				COPY_PHASE_STRIP = YES;
				ENABLE_NS_ASSERTIONS = NO;
				ENABLE_STRICT_OBJC_MSGSEND = YES;
				GCC_C_LANGUAGE_STANDARD = gnu99;
				GCC_WARN_64_TO_32_BIT_CONVERSION = YES;
				GCC_WARN_ABOUT_RETURN_TYPE = YES_ERROR;
				GCC_WARN_UNDECLARED_SELECTOR = YES;
				GCC_WARN_UNINITIALIZED_AUTOS = YES_AGGRESSIVE;
				GCC_WARN_UNUSED_FUNCTION = YES;
				GCC_WARN_UNUSED_VARIABLE = YES;
				IPHONEOS_DEPLOYMENT_TARGET = 8.0;
				MTL_ENABLE_DEBUG_INFO = NO;
				SDKROOT = iphoneos;
				VALIDATE_PRODUCT = YES;
			};
			name = Release;
		};
		CE75C9FC19DB403C00B7BC08 /* Debug */ = {
			isa = XCBuildConfiguration;
			buildSettings = {
				ASSETCATALOG_COMPILER_APPICON_NAME = AppIcon;
				INFOPLIST_FILE = WordPlay/Info.plist;
				LD_RUNPATH_SEARCH_PATHS = "$(inherited) @executable_path/Frameworks";
				PRODUCT_NAME = "$(TARGET_NAME)";
			};
			name = Debug;
		};
		CE75C9FD19DB403C00B7BC08 /* Release */ = {
			isa = XCBuildConfiguration;
			buildSettings = {
				ASSETCATALOG_COMPILER_APPICON_NAME = AppIcon;
				INFOPLIST_FILE = WordPlay/Info.plist;
				LD_RUNPATH_SEARCH_PATHS = "$(inherited) @executable_path/Frameworks";
				PRODUCT_NAME = "$(TARGET_NAME)";
			};
			name = Release;
		};
		CE75C9FF19DB403C00B7BC08 /* Debug */ = {
			isa = XCBuildConfiguration;
			buildSettings = {
				BUNDLE_LOADER = "$(TEST_HOST)";
				FRAMEWORK_SEARCH_PATHS = (
					"$(SDKROOT)/Developer/Library/Frameworks",
					"$(inherited)",
				);
				GCC_PREPROCESSOR_DEFINITIONS = (
					"DEBUG=1",
					"$(inherited)",
				);
				INFOPLIST_FILE = WordPlayTests/Info.plist;
				LD_RUNPATH_SEARCH_PATHS = "$(inherited) @executable_path/Frameworks @loader_path/Frameworks";
				PRODUCT_NAME = "$(TARGET_NAME)";
				TEST_HOST = "$(BUILT_PRODUCTS_DIR)/WordPlay.app/WordPlay";
			};
			name = Debug;
		};
		CE75CA0019DB403C00B7BC08 /* Release */ = {
			isa = XCBuildConfiguration;
			buildSettings = {
				BUNDLE_LOADER = "$(TEST_HOST)";
				FRAMEWORK_SEARCH_PATHS = (
					"$(SDKROOT)/Developer/Library/Frameworks",
					"$(inherited)",
				);
				INFOPLIST_FILE = WordPlayTests/Info.plist;
				LD_RUNPATH_SEARCH_PATHS = "$(inherited) @executable_path/Frameworks @loader_path/Frameworks";
				PRODUCT_NAME = "$(TARGET_NAME)";
				TEST_HOST = "$(BUILT_PRODUCTS_DIR)/WordPlay.app/WordPlay";
			};
			name = Release;
		};
/* End XCBuildConfiguration section */

/* Begin XCConfigurationList section */
		CE75C9D319DB403C00B7BC08 /* Build configuration list for PBXProject "WordPlay" */ = {
			isa = XCConfigurationList;
			buildConfigurations = (
				CE75C9F919DB403C00B7BC08 /* Debug */,
				CE75C9FA19DB403C00B7BC08 /* Release */,
			);
			defaultConfigurationIsVisible = 0;
			defaultConfigurationName = Release;
		};
		CE75C9FB19DB403C00B7BC08 /* Build configuration list for PBXNativeTarget "WordPlay" */ = {
			isa = XCConfigurationList;
			buildConfigurations = (
				CE75C9FC19DB403C00B7BC08 /* Debug */,
				CE75C9FD19DB403C00B7BC08 /* Release */,
			);
			defaultConfigurationIsVisible = 0;
		};
		CE75C9FE19DB403C00B7BC08 /* Build configuration list for PBXNativeTarget "WordPlayTests" */ = {
			isa = XCConfigurationList;
			buildConfigurations = (
				CE75C9FF19DB403C00B7BC08 /* Debug */,
				CE75CA0019DB403C00B7BC08 /* Release */,
			);
			defaultConfigurationIsVisible = 0;
		};
/* End XCConfigurationList section */
	};
	rootObject = CE75C9D019DB403C00B7BC08 /* Project object */;
}
